
Microsoft Visual Studio Solution File, Format Version 12.00
# Visual Studio 15
VisualStudioVersion = 15.0.27130.2010
MinimumVisualStudioVersion = 10.0.40219.1
Project("{FAE04EC0-301F-11D3-BF4B-00C04F79EFBC}") = "pEngine", "pEngine\pEngine.csproj", "{F48B50B2-415F-4B0D-A3EE-ACD5DE6E799F}"
EndProject
Project("{FAE04EC0-301F-11D3-BF4B-00C04F79EFBC}") = "pEngine.UnitTest", "pEngine.UnitTest\pEngine.UnitTest.csproj", "{E1A9C3CF-8600-44CF-BE8F-763E0B09CF1E}"
EndProject
Project("{2150E333-8FDC-42A3-9474-1A3956D46DE8}") = "Tools", "Tools", "{E1DD473E-57F2-40FF-835E-EA6BFB9B864E}"
EndProject
Project("{9A19103F-16F7-4668-BE54-9A1E7A4F7556}") = "MethodBoundaryAspect", "Tools\MethodBoundaryAspect\MethodBoundaryAspect\MethodBoundaryAspect.csproj", "{CC5E014D-D87F-4845-A624-7E4B37C079B4}"
EndProject
Project("{9A19103F-16F7-4668-BE54-9A1E7A4F7556}") = "MethodBoundaryAspect.Fody", "Tools\MethodBoundaryAspect\MethodBoundaryAspect.Fody\MethodBoundaryAspect.Fody.csproj", "{190AEE9A-079A-4B59-89E1-E8A97D2A4403}"
EndProject
Project("{FAE04EC0-301F-11D3-BF4B-00C04F79EFBC}") = "OpenGL.Net", "Tools\OpenGL\OpenGL.Net\OpenGL.Net.csproj", "{9E3018F3-770E-4CFD-87D0-BAEE66E9FE8F}"
EndProject
Project("{FAE04EC0-301F-11D3-BF4B-00C04F79EFBC}") = "Glfw", "Tools\Glfw\Glfw.csproj", "{5C569301-50C6-47C4-9850-6CB36D4DA267}"
EndProject
Project("{FAE04EC0-301F-11D3-BF4B-00C04F79EFBC}") = "pEngine.Example", "pEngine.Example\pEngine.Example.csproj", "{F3BF6478-867C-45CF-B78F-8EDB4921C7C6}"
EndProject
Project("{FAE04EC0-301F-11D3-BF4B-00C04F79EFBC}") = "pEngine.Assemblies", "pEngine.Assemblies\pEngine.Assemblies.csproj", "{18C440BD-04B1-417C-9BE6-0D4C5F940CCA}"
EndProject
Global
	GlobalSection(SolutionConfigurationPlatforms) = preSolution
		Debug|Any CPU = Debug|Any CPU
		Debug|x86 = Debug|x86
		Release|Any CPU = Release|Any CPU
		Release|x86 = Release|x86
	EndGlobalSection
	GlobalSection(ProjectConfigurationPlatforms) = postSolution
		{F48B50B2-415F-4B0D-A3EE-ACD5DE6E799F}.Debug|Any CPU.ActiveCfg = Debug|Any CPU
		{F48B50B2-415F-4B0D-A3EE-ACD5DE6E799F}.Debug|Any CPU.Build.0 = Debug|Any CPU
		{F48B50B2-415F-4B0D-A3EE-ACD5DE6E799F}.Debug|x86.ActiveCfg = Debug|Any CPU
		{F48B50B2-415F-4B0D-A3EE-ACD5DE6E799F}.Debug|x86.Build.0 = Debug|Any CPU
		{F48B50B2-415F-4B0D-A3EE-ACD5DE6E799F}.Release|Any CPU.ActiveCfg = Release|Any CPU
		{F48B50B2-415F-4B0D-A3EE-ACD5DE6E799F}.Release|Any CPU.Build.0 = Release|Any CPU
		{F48B50B2-415F-4B0D-A3EE-ACD5DE6E799F}.Release|x86.ActiveCfg = Release|Any CPU
		{F48B50B2-415F-4B0D-A3EE-ACD5DE6E799F}.Release|x86.Build.0 = Release|Any CPU
		{E1A9C3CF-8600-44CF-BE8F-763E0B09CF1E}.Debug|Any CPU.ActiveCfg = Debug|Any CPU
		{E1A9C3CF-8600-44CF-BE8F-763E0B09CF1E}.Debug|Any CPU.Build.0 = Debug|Any CPU
		{E1A9C3CF-8600-44CF-BE8F-763E0B09CF1E}.Debug|x86.ActiveCfg = Debug|Any CPU
		{E1A9C3CF-8600-44CF-BE8F-763E0B09CF1E}.Debug|x86.Build.0 = Debug|Any CPU
		{E1A9C3CF-8600-44CF-BE8F-763E0B09CF1E}.Release|Any CPU.ActiveCfg = Release|Any CPU
		{E1A9C3CF-8600-44CF-BE8F-763E0B09CF1E}.Release|Any CPU.Build.0 = Release|Any CPU
		{E1A9C3CF-8600-44CF-BE8F-763E0B09CF1E}.Release|x86.ActiveCfg = Release|Any CPU
		{E1A9C3CF-8600-44CF-BE8F-763E0B09CF1E}.Release|x86.Build.0 = Release|Any CPU
		{CC5E014D-D87F-4845-A624-7E4B37C079B4}.Debug|Any CPU.ActiveCfg = Debug|Any CPU
		{CC5E014D-D87F-4845-A624-7E4B37C079B4}.Debug|Any CPU.Build.0 = Debug|Any CPU
		{CC5E014D-D87F-4845-A624-7E4B37C079B4}.Debug|x86.ActiveCfg = Debug|Any CPU
		{CC5E014D-D87F-4845-A624-7E4B37C079B4}.Debug|x86.Build.0 = Debug|Any CPU
		{CC5E014D-D87F-4845-A624-7E4B37C079B4}.Release|Any CPU.ActiveCfg = Release|Any CPU
		{CC5E014D-D87F-4845-A624-7E4B37C079B4}.Release|Any CPU.Build.0 = Release|Any CPU
		{CC5E014D-D87F-4845-A624-7E4B37C079B4}.Release|x86.ActiveCfg = Release|Any CPU
		{CC5E014D-D87F-4845-A624-7E4B37C079B4}.Release|x86.Build.0 = Release|Any CPU
		{190AEE9A-079A-4B59-89E1-E8A97D2A4403}.Debug|Any CPU.ActiveCfg = Debug|Any CPU
		{190AEE9A-079A-4B59-89E1-E8A97D2A4403}.Debug|Any CPU.Build.0 = Debug|Any CPU
		{190AEE9A-079A-4B59-89E1-E8A97D2A4403}.Debug|x86.ActiveCfg = Debug|Any CPU
		{190AEE9A-079A-4B59-89E1-E8A97D2A4403}.Debug|x86.Build.0 = Debug|Any CPU
		{190AEE9A-079A-4B59-89E1-E8A97D2A4403}.Release|Any CPU.ActiveCfg = Release|Any CPU
		{190AEE9A-079A-4B59-89E1-E8A97D2A4403}.Release|Any CPU.Build.0 = Release|Any CPU
		{190AEE9A-079A-4B59-89E1-E8A97D2A4403}.Release|x86.ActiveCfg = Release|Any CPU
		{190AEE9A-079A-4B59-89E1-E8A97D2A4403}.Release|x86.Build.0 = Release|Any CPU
		{9E3018F3-770E-4CFD-87D0-BAEE66E9FE8F}.Debug|Any CPU.ActiveCfg = Debug|Any CPU
		{9E3018F3-770E-4CFD-87D0-BAEE66E9FE8F}.Debug|Any CPU.Build.0 = Debug|Any CPU
		{9E3018F3-770E-4CFD-87D0-BAEE66E9FE8F}.Debug|x86.ActiveCfg = Debug|x86
		{9E3018F3-770E-4CFD-87D0-BAEE66E9FE8F}.Debug|x86.Build.0 = Debug|x86
		{9E3018F3-770E-4CFD-87D0-BAEE66E9FE8F}.Release|Any CPU.ActiveCfg = Release|Any CPU
		{9E3018F3-770E-4CFD-87D0-BAEE66E9FE8F}.Release|Any CPU.Build.0 = Release|Any CPU
		{9E3018F3-770E-4CFD-87D0-BAEE66E9FE8F}.Release|x86.ActiveCfg = Release|x86
		{9E3018F3-770E-4CFD-87D0-BAEE66E9FE8F}.Release|x86.Build.0 = Release|x86
		{5C569301-50C6-47C4-9850-6CB36D4DA267}.Debug|Any CPU.ActiveCfg = Debug|Any CPU
		{5C569301-50C6-47C4-9850-6CB36D4DA267}.Debug|Any CPU.Build.0 = Debug|Any CPU
		{5C569301-50C6-47C4-9850-6CB36D4DA267}.Debug|x86.ActiveCfg = Debug|x86
		{5C569301-50C6-47C4-9850-6CB36D4DA267}.Debug|x86.Build.0 = Debug|x86
		{5C569301-50C6-47C4-9850-6CB36D4DA267}.Release|Any CPU.ActiveCfg = Release|Any CPU
		{5C569301-50C6-47C4-9850-6CB36D4DA267}.Release|Any CPU.Build.0 = Release|Any CPU
		{5C569301-50C6-47C4-9850-6CB36D4DA267}.Release|x86.ActiveCfg = Release|x86
		{5C569301-50C6-47C4-9850-6CB36D4DA267}.Release|x86.Build.0 = Release|x86
		{F3BF6478-867C-45CF-B78F-8EDB4921C7C6}.Debug|Any CPU.ActiveCfg = Debug|Any CPU
		{F3BF6478-867C-45CF-B78F-8EDB4921C7C6}.Debug|Any CPU.Build.0 = Debug|Any CPU
		{F3BF6478-867C-45CF-B78F-8EDB4921C7C6}.Debug|x86.ActiveCfg = Debug|Any CPU
		{F3BF6478-867C-45CF-B78F-8EDB4921C7C6}.Debug|x86.Build.0 = Debug|Any CPU
		{F3BF6478-867C-45CF-B78F-8EDB4921C7C6}.Release|Any CPU.ActiveCfg = Release|Any CPU
		{F3BF6478-867C-45CF-B78F-8EDB4921C7C6}.Release|Any CPU.Build.0 = Release|Any CPU
		{F3BF6478-867C-45CF-B78F-8EDB4921C7C6}.Release|x86.ActiveCfg = Release|Any CPU
		{F3BF6478-867C-45CF-B78F-8EDB4921C7C6}.Release|x86.Build.0 = Release|Any CPU
		{18C440BD-04B1-417C-9BE6-0D4C5F940CCA}.Debug|Any CPU.ActiveCfg = Debug|Any CPU
		{18C440BD-04B1-417C-9BE6-0D4C5F940CCA}.Debug|Any CPU.Build.0 = Debug|Any CPU
		{18C440BD-04B1-417C-9BE6-0D4C5F940CCA}.Debug|x86.ActiveCfg = Debug|Any CPU
		{18C440BD-04B1-417C-9BE6-0D4C5F940CCA}.Debug|x86.Build.0 = Debug|Any CPU
		{18C440BD-04B1-417C-9BE6-0D4C5F940CCA}.Release|Any CPU.ActiveCfg = Release|Any CPU
		{18C440BD-04B1-417C-9BE6-0D4C5F940CCA}.Release|Any CPU.Build.0 = Release|Any CPU
		{18C440BD-04B1-417C-9BE6-0D4C5F940CCA}.Release|x86.ActiveCfg = Release|Any CPU
		{18C440BD-04B1-417C-9BE6-0D4C5F940CCA}.Release|x86.Build.0 = Release|Any CPU
	EndGlobalSection
	GlobalSection(SolutionProperties) = preSolution
		HideSolutionNode = FALSE
	EndGlobalSection
	GlobalSection(NestedProjects) = preSolution
		{CC5E014D-D87F-4845-A624-7E4B37C079B4} = {E1DD473E-57F2-40FF-835E-EA6BFB9B864E}
		{190AEE9A-079A-4B59-89E1-E8A97D2A4403} = {E1DD473E-57F2-40FF-835E-EA6BFB9B864E}
		{9E3018F3-770E-4CFD-87D0-BAEE66E9FE8F} = {E1DD473E-57F2-40FF-835E-EA6BFB9B864E}
		{5C569301-50C6-47C4-9850-6CB36D4DA267} = {E1DD473E-57F2-40FF-835E-EA6BFB9B864E}
	EndGlobalSection
	GlobalSection(ExtensibilityGlobals) = postSolution
		SolutionGuid = {F416256B-6DF4-48DE-8817-D082C08DFEAD}
	EndGlobalSection
EndGlobal
